
Microsoft Visual Studio Solution File, Format Version 12.00
# Visual Studio Version 17
VisualStudioVersion = 17.8.34330.188
MinimumVisualStudioVersion = 10.0.40219.1
Project("{FAE04EC0-301F-11D3-BF4B-00C04F79EFBC}") = "Practice04", "Practice04\Practice04.csproj", "{8F0DE6FC-5336-4DD9-8E64-19889740263C}"
EndProject
Global
	GlobalSection(SolutionConfigurationPlatforms) = preSolution
		Debug|Any CPU = Debug|Any CPU
		Release|Any CPU = Release|Any CPU
	EndGlobalSection
	GlobalSection(ProjectConfigurationPlatforms) = postSolution
		{8F0DE6FC-5336-4DD9-8E64-19889740263C}.Debug|Any CPU.ActiveCfg = Debug|Any CPU
		{8F0DE6FC-5336-4DD9-8E64-19889740263C}.Debug|Any CPU.Build.0 = Debug|Any CPU
		{8F0DE6FC-5336-4DD9-8E64-19889740263C}.Release|Any CPU.ActiveCfg = Release|Any CPU
		{8F0DE6FC-5336-4DD9-8E64-19889740263C}.Release|Any CPU.Build.0 = Release|Any CPU
	EndGlobalSection
	GlobalSection(SolutionProperties) = preSolution
		HideSolutionNode = FALSE
	EndGlobalSection
	GlobalSection(ExtensibilityGlobals) = postSolution
		SolutionGuid = {34686B16-F7F8-49BF-B6FE-7640E0AD017E}
	EndGlobalSection
EndGlobal
