
Microsoft Visual Studio Solution File, Format Version 12.00
# Visual Studio Version 17
VisualStudioVersion = 17.8.34330.188
MinimumVisualStudioVersion = 10.0.40219.1
Project("{9A19103F-16F7-4668-BE54-9A1E7A4F7556}") = "SpecFlowPracticeTask", "SpecFlowPracticeTask\SpecFlowPracticeTask.csproj", "{8E4F0100-42AF-40A3-8604-2BF05E90428E}"
EndProject
Global
	GlobalSection(SolutionConfigurationPlatforms) = preSolution
		Debug|Any CPU = Debug|Any CPU
		Release|Any CPU = Release|Any CPU
	EndGlobalSection
	GlobalSection(ProjectConfigurationPlatforms) = postSolution
		{8E4F0100-42AF-40A3-8604-2BF05E90428E}.Debug|Any CPU.ActiveCfg = Debug|Any CPU
		{8E4F0100-42AF-40A3-8604-2BF05E90428E}.Debug|Any CPU.Build.0 = Debug|Any CPU
		{8E4F0100-42AF-40A3-8604-2BF05E90428E}.Release|Any CPU.ActiveCfg = Release|Any CPU
		{8E4F0100-42AF-40A3-8604-2BF05E90428E}.Release|Any CPU.Build.0 = Release|Any CPU
	EndGlobalSection
	GlobalSection(SolutionProperties) = preSolution
		HideSolutionNode = FALSE
	EndGlobalSection
	GlobalSection(ExtensibilityGlobals) = postSolution
		SolutionGuid = {3459B18E-57A6-4570-8860-D0DB74AAC799}
	EndGlobalSection
EndGlobal
