
Microsoft Visual Studio Solution File, Format Version 12.00
# Visual Studio Version 17
VisualStudioVersion = 17.8.34330.188
MinimumVisualStudioVersion = 10.0.40219.1
Project("{FAE04EC0-301F-11D3-BF4B-00C04F79EFBC}") = "Practice05", "Practice05\Practice05.csproj", "{38D1A557-8D9A-4EBB-9997-388265119BE1}"
EndProject
Global
	GlobalSection(SolutionConfigurationPlatforms) = preSolution
		Debug|Any CPU = Debug|Any CPU
		Release|Any CPU = Release|Any CPU
	EndGlobalSection
	GlobalSection(ProjectConfigurationPlatforms) = postSolution
		{38D1A557-8D9A-4EBB-9997-388265119BE1}.Debug|Any CPU.ActiveCfg = Debug|Any CPU
		{38D1A557-8D9A-4EBB-9997-388265119BE1}.Debug|Any CPU.Build.0 = Debug|Any CPU
		{38D1A557-8D9A-4EBB-9997-388265119BE1}.Release|Any CPU.ActiveCfg = Release|Any CPU
		{38D1A557-8D9A-4EBB-9997-388265119BE1}.Release|Any CPU.Build.0 = Release|Any CPU
	EndGlobalSection
	GlobalSection(SolutionProperties) = preSolution
		HideSolutionNode = FALSE
	EndGlobalSection
	GlobalSection(ExtensibilityGlobals) = postSolution
		SolutionGuid = {4D7C706C-801A-4052-95C8-244120C1BC2F}
	EndGlobalSection
EndGlobal
