
Microsoft Visual Studio Solution File, Format Version 12.00
# Visual Studio Version 17
VisualStudioVersion = 17.8.34330.188
MinimumVisualStudioVersion = 10.0.40219.1
Project("{FAE04EC0-301F-11D3-BF4B-00C04F79EFBC}") = "Practice03", "Practice03\Practice03.csproj", "{E51B30CF-E518-49DE-B712-2E40E1DA52D7}"
EndProject
Global
	GlobalSection(SolutionConfigurationPlatforms) = preSolution
		Debug|Any CPU = Debug|Any CPU
		Release|Any CPU = Release|Any CPU
	EndGlobalSection
	GlobalSection(ProjectConfigurationPlatforms) = postSolution
		{E51B30CF-E518-49DE-B712-2E40E1DA52D7}.Debug|Any CPU.ActiveCfg = Debug|Any CPU
		{E51B30CF-E518-49DE-B712-2E40E1DA52D7}.Debug|Any CPU.Build.0 = Debug|Any CPU
		{E51B30CF-E518-49DE-B712-2E40E1DA52D7}.Release|Any CPU.ActiveCfg = Release|Any CPU
		{E51B30CF-E518-49DE-B712-2E40E1DA52D7}.Release|Any CPU.Build.0 = Release|Any CPU
	EndGlobalSection
	GlobalSection(SolutionProperties) = preSolution
		HideSolutionNode = FALSE
	EndGlobalSection
	GlobalSection(ExtensibilityGlobals) = postSolution
		SolutionGuid = {64123587-1C06-47D0-8E2D-AE75A3A225F8}
	EndGlobalSection
EndGlobal
